// !$*UTF8*$!
{
	archiveVersion = 1;
	classes = {
	};
	objectVersion = 46;
	objects = {

/* Begin PBXBuildFile section */
		83FF6F661E12152300A7A1FD /* main.m in Sources */ = {isa = PBXBuildFile; fileRef = 83FF6F651E12152300A7A1FD /* main.m */; };
		83FF6F691E12152300A7A1FD /* AppDelegate.m in Sources */ = {isa = PBXBuildFile; fileRef = 83FF6F681E12152300A7A1FD /* AppDelegate.m */; };
		83FF6F6C1E12152300A7A1FD /* ViewController.m in Sources */ = {isa = PBXBuildFile; fileRef = 83FF6F6B1E12152300A7A1FD /* ViewController.m */; };
		83FF6F6F1E12152300A7A1FD /* Main.storyboard in Resources */ = {isa = PBXBuildFile; fileRef = 83FF6F6D1E12152300A7A1FD /* Main.storyboard */; };
		83FF6F711E12152300A7A1FD /* Assets.xcassets in Resources */ = {isa = PBXBuildFile; fileRef = 83FF6F701E12152300A7A1FD /* Assets.xcassets */; };
		83FF6F741E12152300A7A1FD /* LaunchScreen.storyboard in Resources */ = {isa = PBXBuildFile; fileRef = 83FF6F721E12152300A7A1FD /* LaunchScreen.storyboard */; };
		83FF6F7D1E12168F00A7A1FD /* towViewViewController.m in Sources */ = {isa = PBXBuildFile; fileRef = 83FF6F7C1E12168F00A7A1FD /* towViewViewController.m */; };
		83FF6F871E121AF400A7A1FD /* UIViewController+userstation.m in Sources */ = {isa = PBXBuildFile; fileRef = 83FF6F861E121AF400A7A1FD /* UIViewController+userstation.m */; };
		83FF6F8A1E121C4C00A7A1FD /* LRHookMagic.m in Sources */ = {isa = PBXBuildFile; fileRef = 83FF6F891E121C4C00A7A1FD /* LRHookMagic.m */; };
		83FF6F8D1E1266BB00A7A1FD /* UIControl+ClickWIthUser.m in Sources */ = {isa = PBXBuildFile; fileRef = 83FF6F8C1E1266BB00A7A1FD /* UIControl+ClickWIthUser.m */; };
/* End PBXBuildFile section */

/* Begin PBXFileReference section */
		83FF6F611E12152300A7A1FD /* 埋点.app */ = {isa = PBXFileReference; explicitFileType = wrapper.application; includeInIndex = 0; path = "埋点.app"; sourceTree = BUILT_PRODUCTS_DIR; };
		83FF6F651E12152300A7A1FD /* main.m */ = {isa = PBXFileReference; lastKnownFileType = sourcecode.c.objc; path = main.m; sourceTree = "<group>"; };
		83FF6F671E12152300A7A1FD /* AppDelegate.h */ = {isa = PBXFileReference; lastKnownFileType = sourcecode.c.h; path = AppDelegate.h; sourceTree = "<group>"; };
		83FF6F681E12152300A7A1FD /* AppDelegate.m */ = {isa = PBXFileReference; lastKnownFileType = sourcecode.c.objc; path = AppDelegate.m; sourceTree = "<group>"; };
		83FF6F6A1E12152300A7A1FD /* ViewController.h */ = {isa = PBXFileReference; lastKnownFileType = sourcecode.c.h; path = ViewController.h; sourceTree = "<group>"; };
		83FF6F6B1E12152300A7A1FD /* ViewController.m */ = {isa = PBXFileReference; lastKnownFileType = sourcecode.c.objc; path = ViewController.m; sourceTree = "<group>"; };
		83FF6F6E1E12152300A7A1FD /* Base */ = {isa = PBXFileReference; lastKnownFileType = file.storyboard; name = Base; path = Base.lproj/Main.storyboard; sourceTree = "<group>"; };
		83FF6F701E12152300A7A1FD /* Assets.xcassets */ = {isa = PBXFileReference; lastKnownFileType = folder.assetcatalog; path = Assets.xcassets; sourceTree = "<group>"; };
		83FF6F731E12152300A7A1FD /* Base */ = {isa = PBXFileReference; lastKnownFileType = file.storyboard; name = Base; path = Base.lproj/LaunchScreen.storyboard; sourceTree = "<group>"; };
		83FF6F751E12152300A7A1FD /* Info.plist */ = {isa = PBXFileReference; lastKnownFileType = text.plist.xml; path = Info.plist; sourceTree = "<group>"; };
		83FF6F7B1E12168F00A7A1FD /* towViewViewController.h */ = {isa = PBXFileReference; fileEncoding = 4; lastKnownFileType = sourcecode.c.h; path = towViewViewController.h; sourceTree = "<group>"; };
		83FF6F7C1E12168F00A7A1FD /* towViewViewController.m */ = {isa = PBXFileReference; fileEncoding = 4; lastKnownFileType = sourcecode.c.objc; path = towViewViewController.m; sourceTree = "<group>"; };
		83FF6F851E121AF400A7A1FD /* UIViewController+userstation.h */ = {isa = PBXFileReference; fileEncoding = 4; lastKnownFileType = sourcecode.c.h; path = "UIViewController+userstation.h"; sourceTree = "<group>"; };
		83FF6F861E121AF400A7A1FD /* UIViewController+userstation.m */ = {isa = PBXFileReference; fileEncoding = 4; lastKnownFileType = sourcecode.c.objc; path = "UIViewController+userstation.m"; sourceTree = "<group>"; };
		83FF6F881E121C4C00A7A1FD /* LRHookMagic.h */ = {isa = PBXFileReference; fileEncoding = 4; lastKnownFileType = sourcecode.c.h; path = LRHookMagic.h; sourceTree = "<group>"; };
		83FF6F891E121C4C00A7A1FD /* LRHookMagic.m */ = {isa = PBXFileReference; fileEncoding = 4; lastKnownFileType = sourcecode.c.objc; path = LRHookMagic.m; sourceTree = "<group>"; };
		83FF6F8B1E1266BB00A7A1FD /* UIControl+ClickWIthUser.h */ = {isa = PBXFileReference; fileEncoding = 4; lastKnownFileType = sourcecode.c.h; path = "UIControl+ClickWIthUser.h"; sourceTree = "<group>"; };
		83FF6F8C1E1266BB00A7A1FD /* UIControl+ClickWIthUser.m */ = {isa = PBXFileReference; fileEncoding = 4; lastKnownFileType = sourcecode.c.objc; path = "UIControl+ClickWIthUser.m"; sourceTree = "<group>"; };
/* End PBXFileReference section */

/* Begin PBXFrameworksBuildPhase section */
		83FF6F5E1E12152300A7A1FD /* Frameworks */ = {
			isa = PBXFrameworksBuildPhase;
			buildActionMask = 2147483647;
			files = (
			);
			runOnlyForDeploymentPostprocessing = 0;
		};
/* End PBXFrameworksBuildPhase section */

/* Begin PBXGroup section */
		83FF6F581E12152300A7A1FD = {
			isa = PBXGroup;
			children = (
				83FF6F631E12152300A7A1FD /* 埋点 */,
				83FF6F621E12152300A7A1FD /* Products */,
			);
			sourceTree = "<group>";
		};
		83FF6F621E12152300A7A1FD /* Products */ = {
			isa = PBXGroup;
			children = (
				83FF6F611E12152300A7A1FD /* 埋点.app */,
			);
			name = Products;
			sourceTree = "<group>";
		};
		83FF6F631E12152300A7A1FD /* 埋点 */ = {
			isa = PBXGroup;
			children = (
				83FF6F671E12152300A7A1FD /* AppDelegate.h */,
				83FF6F681E12152300A7A1FD /* AppDelegate.m */,
				83FF6F881E121C4C00A7A1FD /* LRHookMagic.h */,
				83FF6F891E121C4C00A7A1FD /* LRHookMagic.m */,
				83FF6F8B1E1266BB00A7A1FD /* UIControl+ClickWIthUser.h */,
				83FF6F8C1E1266BB00A7A1FD /* UIControl+ClickWIthUser.m */,
				83FF6F851E121AF400A7A1FD /* UIViewController+userstation.h */,
				83FF6F861E121AF400A7A1FD /* UIViewController+userstation.m */,
				83FF6F6A1E12152300A7A1FD /* ViewController.h */,
				83FF6F6B1E12152300A7A1FD /* ViewController.m */,
				83FF6F7B1E12168F00A7A1FD /* towViewViewController.h */,
				83FF6F7C1E12168F00A7A1FD /* towViewViewController.m */,
				83FF6F6D1E12152300A7A1FD /* Main.storyboard */,
				83FF6F701E12152300A7A1FD /* Assets.xcassets */,
				83FF6F721E12152300A7A1FD /* LaunchScreen.storyboard */,
				83FF6F751E12152300A7A1FD /* Info.plist */,
				83FF6F641E12152300A7A1FD /* Supporting Files */,
			);
			path = "埋点";
			sourceTree = "<group>";
		};
		83FF6F641E12152300A7A1FD /* Supporting Files */ = {
			isa = PBXGroup;
			children = (
				83FF6F651E12152300A7A1FD /* main.m */,
			);
			name = "Supporting Files";
			sourceTree = "<group>";
		};
/* End PBXGroup section */

/* Begin PBXNativeTarget section */
		83FF6F601E12152300A7A1FD /* 埋点 */ = {
			isa = PBXNativeTarget;
			buildConfigurationList = 83FF6F781E12152300A7A1FD /* Build configuration list for PBXNativeTarget "埋点" */;
			buildPhases = (
				83FF6F5D1E12152300A7A1FD /* Sources */,
				83FF6F5E1E12152300A7A1FD /* Frameworks */,
				83FF6F5F1E12152300A7A1FD /* Resources */,
			);
			buildRules = (
			);
			dependencies = (
			);
			name = "埋点";
			productName = "埋点";
			productReference = 83FF6F611E12152300A7A1FD /* 埋点.app */;
			productType = "com.apple.product-type.application";
		};
/* End PBXNativeTarget section */

/* Begin PBXProject section */
		83FF6F591E12152300A7A1FD /* Project object */ = {
			isa = PBXProject;
			attributes = {
				LastUpgradeCheck = 0820;
				ORGANIZATIONNAME = liurui;
				TargetAttributes = {
					83FF6F601E12152300A7A1FD = {
						CreatedOnToolsVersion = 8.2;
						ProvisioningStyle = Automatic;
					};
				};
			};
			buildConfigurationList = 83FF6F5C1E12152300A7A1FD /* Build configuration list for PBXProject "埋点" */;
			compatibilityVersion = "Xcode 3.2";
			developmentRegion = English;
			hasScannedForEncodings = 0;
			knownRegions = (
				en,
				Base,
			);
			mainGroup = 83FF6F581E12152300A7A1FD;
			productRefGroup = 83FF6F621E12152300A7A1FD /* Products */;
			projectDirPath = "";
			projectRoot = "";
			targets = (
				83FF6F601E12152300A7A1FD /* 埋点 */,
			);
		};
/* End PBXProject section */

/* Begin PBXResourcesBuildPhase section */
		83FF6F5F1E12152300A7A1FD /* Resources */ = {
			isa = PBXResourcesBuildPhase;
			buildActionMask = 2147483647;
			files = (
				83FF6F741E12152300A7A1FD /* LaunchScreen.storyboard in Resources */,
				83FF6F711E12152300A7A1FD /* Assets.xcassets in Resources */,
				83FF6F6F1E12152300A7A1FD /* Main.storyboard in Resources */,
			);
			runOnlyForDeploymentPostprocessing = 0;
		};
/* End PBXResourcesBuildPhase section */

/* Begin PBXSourcesBuildPhase section */
		83FF6F5D1E12152300A7A1FD /* Sources */ = {
			isa = PBXSourcesBuildPhase;
			buildActionMask = 2147483647;
			files = (
				83FF6F6C1E12152300A7A1FD /* ViewController.m in Sources */,
				83FF6F691E12152300A7A1FD /* AppDelegate.m in Sources */,
				83FF6F8A1E121C4C00A7A1FD /* LRHookMagic.m in Sources */,
				83FF6F8D1E1266BB00A7A1FD /* UIControl+ClickWIthUser.m in Sources */,
				83FF6F7D1E12168F00A7A1FD /* towViewViewController.m in Sources */,
				83FF6F871E121AF400A7A1FD /* UIViewController+userstation.m in Sources */,
				83FF6F661E12152300A7A1FD /* main.m in Sources */,
			);
			runOnlyForDeploymentPostprocessing = 0;
		};
/* End PBXSourcesBuildPhase section */

/* Begin PBXVariantGroup section */
		83FF6F6D1E12152300A7A1FD /* Main.storyboard */ = {
			isa = PBXVariantGroup;
			children = (
				83FF6F6E1E12152300A7A1FD /* Base */,
			);
			name = Main.storyboard;
			sourceTree = "<group>";
		};
		83FF6F721E12152300A7A1FD /* LaunchScreen.storyboard */ = {
			isa = PBXVariantGroup;
			children = (
				83FF6F731E12152300A7A1FD /* Base */,
			);
			name = LaunchScreen.storyboard;
			sourceTree = "<group>";
		};
/* End PBXVariantGroup section */

/* Begin XCBuildConfiguration section */
		83FF6F761E12152300A7A1FD /* Debug */ = {
			isa = XCBuildConfiguration;
			buildSettings = {
				ALWAYS_SEARCH_USER_PATHS = NO;
				CLANG_ANALYZER_NONNULL = YES;
				CLANG_CXX_LANGUAGE_STANDARD = "gnu++0x";
				CLANG_CXX_LIBRARY = "libc++";
				CLANG_ENABLE_MODULES = YES;
				CLANG_ENABLE_OBJC_ARC = YES;
				CLANG_WARN_BOOL_CONVERSION = YES;
				CLANG_WARN_CONSTANT_CONVERSION = YES;
				CLANG_WARN_DIRECT_OBJC_ISA_USAGE = YES_ERROR;
				CLANG_WARN_DOCUMENTATION_COMMENTS = YES;
				CLANG_WARN_EMPTY_BODY = YES;
				CLANG_WARN_ENUM_CONVERSION = YES;
				CLANG_WARN_INFINITE_RECURSION = YES;
				CLANG_WARN_INT_CONVERSION = YES;
				CLANG_WARN_OBJC_ROOT_CLASS = YES_ERROR;
				CLANG_WARN_SUSPICIOUS_MOVE = YES;
				CLANG_WARN_UNREACHABLE_CODE = YES;
				CLANG_WARN__DUPLICATE_METHOD_MATCH = YES;
				"CODE_SIGN_IDENTITY[sdk=iphoneos*]" = "iPhone Developer";
				COPY_PHASE_STRIP = NO;
				DEBUG_INFORMATION_FORMAT = dwarf;
				ENABLE_STRICT_OBJC_MSGSEND = YES;
				ENABLE_TESTABILITY = YES;
				GCC_C_LANGUAGE_STANDARD = gnu99;
				GCC_DYNAMIC_NO_PIC = NO;
				GCC_NO_COMMON_BLOCKS = YES;
				GCC_OPTIMIZATION_LEVEL = 0;
				GCC_PREPROCESSOR_DEFINITIONS = (
					"DEBUG=1",
					"$(inherited)",
				);
				GCC_WARN_64_TO_32_BIT_CONVERSION = YES;
				GCC_WARN_ABOUT_RETURN_TYPE = YES_ERROR;
				GCC_WARN_UNDECLARED_SELECTOR = YES;
				GCC_WARN_UNINITIALIZED_AUTOS = YES_AGGRESSIVE;
				GCC_WARN_UNUSED_FUNCTION = YES;
				GCC_WARN_UNUSED_VARIABLE = YES;
				IPHONEOS_DEPLOYMENT_TARGET = 10.2;
				MTL_ENABLE_DEBUG_INFO = YES;
				ONLY_ACTIVE_ARCH = YES;
				SDKROOT = iphoneos;
				TARGETED_DEVICE_FAMILY = "1,2";
			};
			name = Debug;
		};
		83FF6F771E12152300A7A1FD /* Release */ = {
			isa = XCBuildConfiguration;
			buildSettings = {
				ALWAYS_SEARCH_USER_PATHS = NO;
				CLANG_ANALYZER_NONNULL = YES;
				CLANG_CXX_LANGUAGE_STANDARD = "gnu++0x";
				CLANG_CXX_LIBRARY = "libc++";
				CLANG_ENABLE_MODULES = YES;
				CLANG_ENABLE_OBJC_ARC = YES;
				CLANG_WARN_BOOL_CONVERSION = YES;
				CLANG_WARN_CONSTANT_CONVERSION = YES;
				CLANG_WARN_DIRECT_OBJC_ISA_USAGE = YES_ERROR;
				CLANG_WARN_DOCUMENTATION_COMMENTS = YES;
				CLANG_WARN_EMPTY_BODY = YES;
				CLANG_WARN_ENUM_CONVERSION = YES;
				CLANG_WARN_INFINITE_RECURSION = YES;
				CLANG_WARN_INT_CONVERSION = YES;
				CLANG_WARN_OBJC_ROOT_CLASS = YES_ERROR;
				CLANG_WARN_SUSPICIOUS_MOVE = YES;
				CLANG_WARN_UNREACHABLE_CODE = YES;
				CLANG_WARN__DUPLICATE_METHOD_MATCH = YES;
				"CODE_SIGN_IDENTITY[sdk=iphoneos*]" = "iPhone Developer";
				COPY_PHASE_STRIP = NO;
				DEBUG_INFORMATION_FORMAT = "dwarf-with-dsym";
				ENABLE_NS_ASSERTIONS = NO;
				ENABLE_STRICT_OBJC_MSGSEND = YES;
				GCC_C_LANGUAGE_STANDARD = gnu99;
				GCC_NO_COMMON_BLOCKS = YES;
				GCC_WARN_64_TO_32_BIT_CONVERSION = YES;
				GCC_WARN_ABOUT_RETURN_TYPE = YES_ERROR;
				GCC_WARN_UNDECLARED_SELECTOR = YES;
				GCC_WARN_UNINITIALIZED_AUTOS = YES_AGGRESSIVE;
				GCC_WARN_UNUSED_FUNCTION = YES;
				GCC_WARN_UNUSED_VARIABLE = YES;
				IPHONEOS_DEPLOYMENT_TARGET = 10.2;
				MTL_ENABLE_DEBUG_INFO = NO;
				SDKROOT = iphoneos;
				TARGETED_DEVICE_FAMILY = "1,2";
				VALIDATE_PRODUCT = YES;
			};
			name = Release;
		};
		83FF6F791E12152300A7A1FD /* Debug */ = {
			isa = XCBuildConfiguration;
			buildSettings = {
				ASSETCATALOG_COMPILER_APPICON_NAME = AppIcon;
				INFOPLIST_FILE = "埋点/Info.plist";
				LD_RUNPATH_SEARCH_PATHS = "$(inherited) @executable_path/Frameworks";
				PRODUCT_BUNDLE_IDENTIFIER = "pps.--";
				PRODUCT_NAME = "$(TARGET_NAME)";
			};
			name = Debug;
		};
		83FF6F7A1E12152300A7A1FD /* Release */ = {
			isa = XCBuildConfiguration;
			buildSettings = {
				ASSETCATALOG_COMPILER_APPICON_NAME = AppIcon;
				INFOPLIST_FILE = "埋点/Info.plist";
				LD_RUNPATH_SEARCH_PATHS = "$(inherited) @executable_path/Frameworks";
				PRODUCT_BUNDLE_IDENTIFIER = "pps.--";
				PRODUCT_NAME = "$(TARGET_NAME)";
			};
			name = Release;
		};
/* End XCBuildConfiguration section */

/* Begin XCConfigurationList section */
		83FF6F5C1E12152300A7A1FD /* Build configuration list for PBXProject "埋点" */ = {
			isa = XCConfigurationList;
			buildConfigurations = (
				83FF6F761E12152300A7A1FD /* Debug */,
				83FF6F771E12152300A7A1FD /* Release */,
			);
			defaultConfigurationIsVisible = 0;
			defaultConfigurationName = Release;
		};
		83FF6F781E12152300A7A1FD /* Build configuration list for PBXNativeTarget "埋点" */ = {
			isa = XCConfigurationList;
			buildConfigurations = (
				83FF6F791E12152300A7A1FD /* Debug */,
				83FF6F7A1E12152300A7A1FD /* Release */,
			);
			defaultConfigurationIsVisible = 0;
		};
/* End XCConfigurationList section */
	};
	rootObject = 83FF6F591E12152300A7A1FD /* Project object */;
}
